        "@cloudflare/workers-types": "^4.20260621.1",
    "node_modules/@cloudflare/workers-types": {
      "version": "4.20260621.1",
      "resolved": "https://registry.npmjs.org/@cloudflare/workers-types/-/workers-types-4.20260621.1.tgz",
      "integrity": "sha512-c4xrf4shZdDOK1ihh1UKzlS/3MDYiGThT/Oqr4Y3qR9NLCSNzHB7rt+Vk/LOp0ZSNjA+7WNJEQsOhpiQtpT2GA==",
      "dev": true,
      "license": "MIT OR Apache-2.0"
    },
