dependencies:
  espressif/cmake_utilities:
    component_hash: 351350613ceafba240b761b4ea991e0f231ac7a9f59a9ee901f751bddc0bb18f
    source:
      service_url: https://api.components.espressif.com/
      type: service
    version: 0.5.3
  espressif/esp_io_expander:
    component_hash: abf3ea0d71407d79d15500550aa3ba433848459b0fa94717cf9478822593ee5d
    source:
      service_url: https://api.components.espressif.com/
      type: service
    version: 1.1.0
  espressif/esp_io_expander_tca9554:
    component_hash: b8d7ff823eed8a8c05c49f01d554d08f75146a17a1c50bfb354b6c4c8819fc05
    source:
      service_url: https://api.components.espressif.com/
      type: service
    version: 2.0.2
  espressif/esp_lcd_axs15231b:
    component_hash: e614bd75827e95800e39df1ba9474166060ab26c3807d06df9cc312a27021cda
    source:
      service_url: https://api.components.espressif.com/
      type: service
    version: 1.0.1~1
  espressif/esp_lcd_touch:
    component_hash: 3f85a7d95af876f1a6ecca8eb90a81614890d0f03a038390804e5a77e2caf862
    source:
      service_url: https://api.components.espressif.com/
      type: service
    version: 1.2.1
  espressif/esp_lvgl_port:
    component_hash: f872401524cb645ee6ff1c9242d44fb4ddcfd4d37d7be8b9ed3f4e85a404efcd
    source:
      service_url: https://api.components.espressif.com/
      type: service
    version: 2.7.0
  idf:
    component_hash: null
    source:
      type: idf
    version: 5.3.1
  lvgl/lvgl:
    component_hash: 17e68bfd21f0edf4c3ee838e2273da840bf3930e5dbc3bfa6c1190c3aed41f9f
    source:
      service_url: https://api.components.espressif.com/
      type: service
    version: 9.4.0
manifest_hash: 028733ac1fe35d660d64d45744fe447ffbbddcc772a9f36c69accdab2a9a7abe
target: esp32s3
version: 1.0.0
